// !$*UTF8*$!
{
	archiveVersion = 1;
	classes = {
	};
	objectVersion = 46;
	objects = {

/* Begin PBXBuildFile section */
		7B1E2BD91F92076400D31E03 /* EXE15.swift in Sources */ = {isa = PBXBuildFile; fileRef = 7B1E2BD81F92076400D31E03 /* EXE15.swift */; };
		7BA280BF1F91F6BD00FC050D /* main.swift in Sources */ = {isa = PBXBuildFile; fileRef = 7BA280BE1F91F6BD00FC050D /* main.swift */; };
/* End PBXBuildFile section */

/* Begin PBXCopyFilesBuildPhase section */
		7BA280B91F91F6BD00FC050D /* CopyFiles */ = {
			isa = PBXCopyFilesBuildPhase;
			buildActionMask = 2147483647;
			dstPath = /usr/share/man/man1/;
			dstSubfolderSpec = 0;
			files = (
			);
			runOnlyForDeploymentPostprocessing = 1;
		};
/* End PBXCopyFilesBuildPhase section */

/* Begin PBXFileReference section */
		7B1E2BD81F92076400D31E03 /* EXE15.swift */ = {isa = PBXFileReference; fileEncoding = 4; lastKnownFileType = sourcecode.swift; path = EXE15.swift; sourceTree = "<group>"; };
		7BA280BB1F91F6BD00FC050D /* EXE15 */ = {isa = PBXFileReference; explicitFileType = "compiled.mach-o.executable"; includeInIndex = 0; path = EXE15; sourceTree = BUILT_PRODUCTS_DIR; };
		7BA280BE1F91F6BD00FC050D /* main.swift */ = {isa = PBXFileReference; lastKnownFileType = sourcecode.swift; path = main.swift; sourceTree = "<group>"; };
/* End PBXFileReference section */

/* Begin PBXFrameworksBuildPhase section */
		7BA280B81F91F6BD00FC050D /* Frameworks */ = {
			isa = PBXFrameworksBuildPhase;
			buildActionMask = 2147483647;
			files = (
			);
			runOnlyForDeploymentPostprocessing = 0;
		};
/* End PBXFrameworksBuildPhase section */

/* Begin PBXGroup section */
		7BA280B21F91F6BD00FC050D = {
			isa = PBXGroup;
			children = (
				7BA280BD1F91F6BD00FC050D /* EXE15 */,
				7BA280BC1F91F6BD00FC050D /* Products */,
			);
			sourceTree = "<group>";
		};
		7BA280BC1F91F6BD00FC050D /* Products */ = {
			isa = PBXGroup;
			children = (
				7BA280BB1F91F6BD00FC050D /* EXE15 */,
			);
			name = Products;
			sourceTree = "<group>";
		};
		7BA280BD1F91F6BD00FC050D /* EXE15 */ = {
			isa = PBXGroup;
			children = (
				7BA280BE1F91F6BD00FC050D /* main.swift */,
				7B1E2BD81F92076400D31E03 /* EXE15.swift */,
			);
			path = EXE15;
			sourceTree = "<group>";
		};
/* End PBXGroup section */

/* Begin PBXNativeTarget section */
		7BA280BA1F91F6BD00FC050D /* EXE15 */ = {
			isa = PBXNativeTarget;
			buildConfigurationList = 7BA280C21F91F6BD00FC050D /* Build configuration list for PBXNativeTarget "EXE15" */;
			buildPhases = (
				7BA280B71F91F6BD00FC050D /* Sources */,
				7BA280B81F91F6BD00FC050D /* Frameworks */,
				7BA280B91F91F6BD00FC050D /* CopyFiles */,
			);
			buildRules = (
			);
			dependencies = (
			);
			name = EXE15;
			productName = EXE15;
			productReference = 7BA280BB1F91F6BD00FC050D /* EXE15 */;
			productType = "com.apple.product-type.tool";
		};
/* End PBXNativeTarget section */

/* Begin PBXProject section */
		7BA280B31F91F6BD00FC050D /* Project object */ = {
			isa = PBXProject;
			attributes = {
				LastSwiftUpdateCheck = 0800;
				LastUpgradeCheck = 0800;
				ORGANIZATIONNAME = shinichirou.yamazaki.;
				TargetAttributes = {
					7BA280BA1F91F6BD00FC050D = {
						CreatedOnToolsVersion = 8.0;
						DevelopmentTeam = 44Q68KPJN2;
						ProvisioningStyle = Automatic;
					};
				};
			};
			buildConfigurationList = 7BA280B61F91F6BD00FC050D /* Build configuration list for PBXProject "EXE15" */;
			compatibilityVersion = "Xcode 3.2";
			developmentRegion = English;
			hasScannedForEncodings = 0;
			knownRegions = (
				en,
			);
			mainGroup = 7BA280B21F91F6BD00FC050D;
			productRefGroup = 7BA280BC1F91F6BD00FC050D /* Products */;
			projectDirPath = "";
			projectRoot = "";
			targets = (
				7BA280BA1F91F6BD00FC050D /* EXE15 */,
			);
		};
/* End PBXProject section */

/* Begin PBXSourcesBuildPhase section */
		7BA280B71F91F6BD00FC050D /* Sources */ = {
			isa = PBXSourcesBuildPhase;
			buildActionMask = 2147483647;
			files = (
				7B1E2BD91F92076400D31E03 /* EXE15.swift in Sources */,
				7BA280BF1F91F6BD00FC050D /* main.swift in Sources */,
			);
			runOnlyForDeploymentPostprocessing = 0;
		};
/* End PBXSourcesBuildPhase section */

/* Begin XCBuildConfiguration section */
		7BA280C01F91F6BD00FC050D /* Debug */ = {
			isa = XCBuildConfiguration;
			buildSettings = {
				ALWAYS_SEARCH_USER_PATHS = NO;
				CLANG_ANALYZER_NONNULL = YES;
				CLANG_CXX_LANGUAGE_STANDARD = "gnu++0x";
				CLANG_CXX_LIBRARY = "libc++";
				CLANG_ENABLE_MODULES = YES;
				CLANG_ENABLE_OBJC_ARC = YES;
				CLANG_WARN_BOOL_CONVERSION = YES;
				CLANG_WARN_CONSTANT_CONVERSION = YES;
				CLANG_WARN_DIRECT_OBJC_ISA_USAGE = YES_ERROR;
				CLANG_WARN_DOCUMENTATION_COMMENTS = YES;
				CLANG_WARN_EMPTY_BODY = YES;
				CLANG_WARN_ENUM_CONVERSION = YES;
				CLANG_WARN_INFINITE_RECURSION = YES;
				CLANG_WARN_INT_CONVERSION = YES;
				CLANG_WARN_OBJC_ROOT_CLASS = YES_ERROR;
				CLANG_WARN_SUSPICIOUS_MOVES = YES;
				CLANG_WARN_UNREACHABLE_CODE = YES;
				CLANG_WARN__DUPLICATE_METHOD_MATCH = YES;
				CODE_SIGN_IDENTITY = "-";
				COPY_PHASE_STRIP = NO;
				DEBUG_INFORMATION_FORMAT = dwarf;
				ENABLE_STRICT_OBJC_MSGSEND = YES;
				ENABLE_TESTABILITY = YES;
				GCC_C_LANGUAGE_STANDARD = gnu99;
				GCC_DYNAMIC_NO_PIC = NO;
				GCC_NO_COMMON_BLOCKS = YES;
				GCC_OPTIMIZATION_LEVEL = 0;
				GCC_PREPROCESSOR_DEFINITIONS = (
					"DEBUG=1",
					"$(inherited)",
				);
				GCC_WARN_64_TO_32_BIT_CONVERSION = YES;
				GCC_WARN_ABOUT_RETURN_TYPE = YES_ERROR;
				GCC_WARN_UNDECLARED_SELECTOR = YES;
				GCC_WARN_UNINITIALIZED_AUTOS = YES_AGGRESSIVE;
				GCC_WARN_UNUSED_FUNCTION = YES;
				GCC_WARN_UNUSED_VARIABLE = YES;
				MACOSX_DEPLOYMENT_TARGET = 10.12;
				MTL_ENABLE_DEBUG_INFO = YES;
				ONLY_ACTIVE_ARCH = YES;
				SDKROOT = macosx;
				SWIFT_OPTIMIZATION_LEVEL = "-Onone";
			};
			name = Debug;
		};
		7BA280C11F91F6BD00FC050D /* Release */ = {
			isa = XCBuildConfiguration;
			buildSettings = {
				ALWAYS_SEARCH_USER_PATHS = NO;
				CLANG_ANALYZER_NONNULL = YES;
				CLANG_CXX_LANGUAGE_STANDARD = "gnu++0x";
				CLANG_CXX_LIBRARY = "libc++";
				CLANG_ENABLE_MODULES = YES;
				CLANG_ENABLE_OBJC_ARC = YES;
				CLANG_WARN_BOOL_CONVERSION = YES;
				CLANG_WARN_CONSTANT_CONVERSION = YES;
				CLANG_WARN_DIRECT_OBJC_ISA_USAGE = YES_ERROR;
				CLANG_WARN_DOCUMENTATION_COMMENTS = YES;
				CLANG_WARN_EMPTY_BODY = YES;
				CLANG_WARN_ENUM_CONVERSION = YES;
				CLANG_WARN_INFINITE_RECURSION = YES;
				CLANG_WARN_INT_CONVERSION = YES;
				CLANG_WARN_OBJC_ROOT_CLASS = YES_ERROR;
				CLANG_WARN_SUSPICIOUS_MOVES = YES;
				CLANG_WARN_UNREACHABLE_CODE = YES;
				CLANG_WARN__DUPLICATE_METHOD_MATCH = YES;
				CODE_SIGN_IDENTITY = "-";
				COPY_PHASE_STRIP = NO;
				DEBUG_INFORMATION_FORMAT = "dwarf-with-dsym";
				ENABLE_NS_ASSERTIONS = NO;
				ENABLE_STRICT_OBJC_MSGSEND = YES;
				GCC_C_LANGUAGE_STANDARD = gnu99;
				GCC_NO_COMMON_BLOCKS = YES;
				GCC_WARN_64_TO_32_BIT_CONVERSION = YES;
				GCC_WARN_ABOUT_RETURN_TYPE = YES_ERROR;
				GCC_WARN_UNDECLARED_SELECTOR = YES;
				GCC_WARN_UNINITIALIZED_AUTOS = YES_AGGRESSIVE;
				GCC_WARN_UNUSED_FUNCTION = YES;
				GCC_WARN_UNUSED_VARIABLE = YES;
				MACOSX_DEPLOYMENT_TARGET = 10.12;
				MTL_ENABLE_DEBUG_INFO = NO;
				SDKROOT = macosx;
			};
			name = Release;
		};
		7BA280C31F91F6BD00FC050D /* Debug */ = {
			isa = XCBuildConfiguration;
			buildSettings = {
				DEVELOPMENT_TEAM = 44Q68KPJN2;
				PRODUCT_NAME = "$(TARGET_NAME)";
				SWIFT_VERSION = 3.0;
			};
			name = Debug;
		};
		7BA280C41F91F6BD00FC050D /* Release */ = {
			isa = XCBuildConfiguration;
			buildSettings = {
				DEVELOPMENT_TEAM = 44Q68KPJN2;
				PRODUCT_NAME = "$(TARGET_NAME)";
				SWIFT_VERSION = 3.0;
			};
			name = Release;
		};
/* End XCBuildConfiguration section */

/* Begin XCConfigurationList section */
		7BA280B61F91F6BD00FC050D /* Build configuration list for PBXProject "EXE15" */ = {
			isa = XCConfigurationList;
			buildConfigurations = (
				7BA280C01F91F6BD00FC050D /* Debug */,
				7BA280C11F91F6BD00FC050D /* Release */,
			);
			defaultConfigurationIsVisible = 0;
			defaultConfigurationName = Release;
		};
		7BA280C21F91F6BD00FC050D /* Build configuration list for PBXNativeTarget "EXE15" */ = {
			isa = XCConfigurationList;
			buildConfigurations = (
				7BA280C31F91F6BD00FC050D /* Debug */,
				7BA280C41F91F6BD00FC050D /* Release */,
			);
			defaultConfigurationIsVisible = 0;
			defaultConfigurationName = Release;
		};
/* End XCConfigurationList section */
	};
	rootObject = 7BA280B31F91F6BD00FC050D /* Project object */;
}
